
Microsoft Visual Studio Solution File, Format Version 12.00
# Visual Studio Version 17
VisualStudioVersion = 17.6.33706.43
MinimumVisualStudioVersion = 10.0.40219.1
Project("{FAE04EC0-301F-11D3-BF4B-00C04F79EFBC}") = "SuperSimpleADO", "SuperSimpleADO.csproj", "{03B9D7CD-E792-42DB-8AFD-1569AF7C9049}"
EndProject
Global
	GlobalSection(SolutionConfigurationPlatforms) = preSolution
		Debug|Any CPU = Debug|Any CPU
		Release|Any CPU = Release|Any CPU
	EndGlobalSection
	GlobalSection(ProjectConfigurationPlatforms) = postSolution
		{03B9D7CD-E792-42DB-8AFD-1569AF7C9049}.Debug|Any CPU.ActiveCfg = Debug|Any CPU
		{03B9D7CD-E792-42DB-8AFD-1569AF7C9049}.Debug|Any CPU.Build.0 = Debug|Any CPU
		{03B9D7CD-E792-42DB-8AFD-1569AF7C9049}.Release|Any CPU.ActiveCfg = Release|Any CPU
		{03B9D7CD-E792-42DB-8AFD-1569AF7C9049}.Release|Any CPU.Build.0 = Release|Any CPU
	EndGlobalSection
	GlobalSection(SolutionProperties) = preSolution
		HideSolutionNode = FALSE
	EndGlobalSection
	GlobalSection(ExtensibilityGlobals) = postSolution
		SolutionGuid = {6B79DC49-E4F0-4632-8BCF-3CFC7DD9F935}
	EndGlobalSection
EndGlobal
